
Microsoft Visual Studio Solution File, Format Version 12.00
# Visual Studio 15
VisualStudioVersion = 15.0.28010.2036
MinimumVisualStudioVersion = 10.0.40219.1
Project("{9A19103F-16F7-4668-BE54-9A1E7A4F7556}") = "SampleFunction", "SampleFunction.csproj", "{F7563553-D56F-4367-873C-D644B99D215E}"
EndProject
Global
	GlobalSection(SolutionConfigurationPlatforms) = preSolution
		Debug|Any CPU = Debug|Any CPU
		Release|Any CPU = Release|Any CPU
	EndGlobalSection
	GlobalSection(ProjectConfigurationPlatforms) = postSolution
		{F7563553-D56F-4367-873C-D644B99D215E}.Debug|Any CPU.ActiveCfg = Debug|Any CPU
		{F7563553-D56F-4367-873C-D644B99D215E}.Debug|Any CPU.Build.0 = Debug|Any CPU
		{F7563553-D56F-4367-873C-D644B99D215E}.Release|Any CPU.ActiveCfg = Release|Any CPU
		{F7563553-D56F-4367-873C-D644B99D215E}.Release|Any CPU.Build.0 = Release|Any CPU
	EndGlobalSection
	GlobalSection(SolutionProperties) = preSolution
		HideSolutionNode = FALSE
	EndGlobalSection
	GlobalSection(ExtensibilityGlobals) = postSolution
		SolutionGuid = {F2B5972D-C7ED-4A7B-90A1-852BBD45C824}
	EndGlobalSection
EndGlobal
